
Microsoft Visual Studio Solution File, Format Version 12.00
# Visual Studio Version 17
VisualStudioVersion = 17.14.37614.0 d17.14
MinimumVisualStudioVersion = 10.0.40219.1
Project("{FAE04EC0-301F-11D3-BF4B-00C04F79EFBC}") = "PathFinderAssessment", "PathFinderAssessment\PathFinderAssessment.csproj", "{7E3B8D13-5605-4877-A027-767B9883341F}"
EndProject
Project("{2150E333-8FDC-42A3-9474-1A3956D46DE8}") = "Solution Items", "Solution Items", "{8EC462FD-D22E-90A8-E5CE-7E832BA40C5D}"
EndProject
Global
	GlobalSection(SolutionConfigurationPlatforms) = preSolution
		Debug|Any CPU = Debug|Any CPU
		Release|Any CPU = Release|Any CPU
	EndGlobalSection
	GlobalSection(ProjectConfigurationPlatforms) = postSolution
		{7E3B8D13-5605-4877-A027-767B9883341F}.Debug|Any CPU.ActiveCfg = Debug|Any CPU
		{7E3B8D13-5605-4877-A027-767B9883341F}.Debug|Any CPU.Build.0 = Debug|Any CPU
		{7E3B8D13-5605-4877-A027-767B9883341F}.Release|Any CPU.ActiveCfg = Release|Any CPU
		{7E3B8D13-5605-4877-A027-767B9883341F}.Release|Any CPU.Build.0 = Release|Any CPU
	EndGlobalSection
	GlobalSection(SolutionProperties) = preSolution
		HideSolutionNode = FALSE
	EndGlobalSection
	GlobalSection(ExtensibilityGlobals) = postSolution
		SolutionGuid = {3786659B-6B6F-4249-A965-F29D9A2086B0}
	EndGlobalSection
EndGlobal
